
Microsoft Visual Studio Solution File, Format Version 12.00
# Visual Studio 15
Project("{FAE04EC0-301F-11D3-BF4B-00C04F79EFBC}") = "VuforiaScripts", "VuforiaScripts.csproj", "{383B34C7-82A5-FA6C-0957-6E8F43447919}"
EndProject
Project("{FAE04EC0-301F-11D3-BF4B-00C04F79EFBC}") = "Assembly-CSharp", "Assembly-CSharp.csproj", "{0D1936B6-52E8-C0DC-4FD4-D5A325051225}"
EndProject
Project("{FAE04EC0-301F-11D3-BF4B-00C04F79EFBC}") = "VuforiaEditorScripts", "VuforiaEditorScripts.csproj", "{5DF4822C-370D-C483-1BA6-6A9B43BC61CF}"
EndProject
Global
	GlobalSection(SolutionConfigurationPlatforms) = preSolution
		Debug|Any CPU = Debug|Any CPU
		Release|Any CPU = Release|Any CPU
	EndGlobalSection
	GlobalSection(ProjectConfigurationPlatforms) = postSolution
		{383B34C7-82A5-FA6C-0957-6E8F43447919}.Debug|Any CPU.ActiveCfg = Debug|Any CPU
		{383B34C7-82A5-FA6C-0957-6E8F43447919}.Debug|Any CPU.Build.0 = Debug|Any CPU
		{383B34C7-82A5-FA6C-0957-6E8F43447919}.Release|Any CPU.ActiveCfg = Release|Any CPU
		{383B34C7-82A5-FA6C-0957-6E8F43447919}.Release|Any CPU.Build.0 = Release|Any CPU
		{0D1936B6-52E8-C0DC-4FD4-D5A325051225}.Debug|Any CPU.ActiveCfg = Debug|Any CPU
		{0D1936B6-52E8-C0DC-4FD4-D5A325051225}.Debug|Any CPU.Build.0 = Debug|Any CPU
		{0D1936B6-52E8-C0DC-4FD4-D5A325051225}.Release|Any CPU.ActiveCfg = Release|Any CPU
		{0D1936B6-52E8-C0DC-4FD4-D5A325051225}.Release|Any CPU.Build.0 = Release|Any CPU
		{5DF4822C-370D-C483-1BA6-6A9B43BC61CF}.Debug|Any CPU.ActiveCfg = Debug|Any CPU
		{5DF4822C-370D-C483-1BA6-6A9B43BC61CF}.Debug|Any CPU.Build.0 = Debug|Any CPU
		{5DF4822C-370D-C483-1BA6-6A9B43BC61CF}.Release|Any CPU.ActiveCfg = Release|Any CPU
		{5DF4822C-370D-C483-1BA6-6A9B43BC61CF}.Release|Any CPU.Build.0 = Release|Any CPU
	EndGlobalSection
	GlobalSection(SolutionProperties) = preSolution
		HideSolutionNode = FALSE
	EndGlobalSection
EndGlobal
